{
  "version": 4,
  "terraform_version": "0.12.28",
  "serial": 19,
  "lineage": "5834c5d1-c6d5-825d-25ce-4c682937f9e8",
  "outputs": {},
  "resources": [
    {
      "mode": "managed",
      "type": "digitalocean_droplet",
      "name": "web1",
      "provider": "provider.digitalocean",
      "instances": [
        {
          "status": "tainted",
          "schema_version": 1,
          "attributes": {
            "backups": false,
            "created_at": "2020-07-09T17:30:15Z",
            "disk": 20,
            "id": "199372621",
            "image": "ubuntu-18-04-x64",
            "ipv4_address": "46.101.180.169",
            "ipv4_address_private": "10.114.0.2",
            "ipv6": false,
            "ipv6_address": "",
            "ipv6_address_private": null,
            "locked": false,
            "memory": 512,
            "monitoring": false,
            "name": "DevOpsSoSe2012",
            "price_hourly": 0.00744,
            "price_monthly": 5,
            "private_networking": true,
            "region": "fra1",
            "resize_disk": true,
            "size": "512mb",
            "ssh_keys": [
              "94:3c:b1:cc:07:71:64:e1:86:8f:3c:99:0e:30:95:0d"
            ],
            "status": "active",
            "tags": null,
            "urn": "do:droplet:199372621",
            "user_data": null,
            "vcpus": 1,
            "volume_ids": [],
            "vpc_uuid": "4e86dd79-1302-4bc9-9c01-9b69009a80b8"
          },
          "private": "eyJzY2hlbWFfdmVyc2lvbiI6IjEifQ=="
        }
      ]
    }
  ]
}
