{
  "version": 4,
  "terraform_version": "0.12.28",
  "serial": 32,
  "lineage": "5834c5d1-c6d5-825d-25ce-4c682937f9e8",
  "outputs": {},
  "resources": [
    {
      "mode": "managed",
      "type": "digitalocean_droplet",
      "name": "web1",
      "provider": "provider.digitalocean",
      "instances": [
        {
          "status": "tainted",
          "schema_version": 1,
          "attributes": {
            "backups": false,
            "created_at": "2020-07-10T19:48:10Z",
            "disk": 40,
            "id": "199514791",
            "image": "ubuntu-18-04-x64",
            "ipv4_address": "164.90.189.166",
            "ipv4_address_private": "",
            "ipv6": false,
            "ipv6_address": "",
            "ipv6_address_private": null,
            "locked": false,
            "memory": 2048,
            "monitoring": false,
            "name": "DevOpsSoSe2012",
            "price_hourly": 0.02976,
            "price_monthly": 20,
            "private_networking": false,
            "region": "fra1",
            "resize_disk": true,
            "size": "2gb",
            "ssh_keys": [
              "70:64:d1:7a:dc:dc:67:53:34:c6:8a:40:11:a1:a4:6f"
            ],
            "status": "active",
            "tags": null,
            "urn": "do:droplet:199514791",
            "user_data": null,
            "vcpus": 2,
            "volume_ids": [],
            "vpc_uuid": ""
          },
          "private": "eyJzY2hlbWFfdmVyc2lvbiI6IjEifQ=="
        }
      ]
    }
  ]
}
