{
  "version": 4,
  "terraform_version": "0.12.28",
  "serial": 62,
  "lineage": "5834c5d1-c6d5-825d-25ce-4c682937f9e8",
  "outputs": {},
  "resources": [
    {
      "mode": "managed",
      "type": "digitalocean_droplet",
      "name": "web1",
      "provider": "provider.digitalocean",
      "instances": [
        {
          "status": "tainted",
          "schema_version": 1,
          "attributes": {
            "backups": false,
            "created_at": "2020-07-26T17:27:29Z",
            "disk": 40,
            "id": "201539133",
            "image": "ubuntu-18-04-x64",
            "ipv4_address": "161.35.195.220",
            "ipv4_address_private": "",
            "ipv6": false,
            "ipv6_address": "",
            "ipv6_address_private": null,
            "locked": false,
            "memory": 2048,
            "monitoring": false,
            "name": "DevOpsSoSe2012",
            "price_hourly": 0.02976,
            "price_monthly": 20,
            "private_networking": false,
            "region": "fra1",
            "resize_disk": true,
            "size": "2gb",
            "ssh_keys": [
              "94:3c:b1:cc:07:71:64:e1:86:8f:3c:99:0e:30:95:0d"
            ],
            "status": "active",
            "tags": null,
            "urn": "do:droplet:201539133",
            "user_data": null,
            "vcpus": 2,
            "volume_ids": [],
            "vpc_uuid": ""
          },
          "private": "eyJzY2hlbWFfdmVyc2lvbiI6IjEifQ=="
        }
      ]
    }
  ]
}
